// !$*UTF8*$!
{
	archiveVersion = 1;
	classes = {
	};
	objectVersion = 48;
	objects = {

/* Begin PBXBuildFile section */
		7D32F98D1FD8E7F000288FDA /* AppDelegate.m in Sources */ = {isa = PBXBuildFile; fileRef = 7D32F98C1FD8E7F000288FDA /* AppDelegate.m */; };
		7D32F9951FD8E7F000288FDA /* Assets.xcassets in Resources */ = {isa = PBXBuildFile; fileRef = 7D32F9941FD8E7F000288FDA /* Assets.xcassets */; };
		7D32F9981FD8E7F000288FDA /* LaunchScreen.storyboard in Resources */ = {isa = PBXBuildFile; fileRef = 7D32F9961FD8E7F000288FDA /* LaunchScreen.storyboard */; };
		7D32F99B1FD8E7F000288FDA /* main.m in Sources */ = {isa = PBXBuildFile; fileRef = 7D32F99A1FD8E7F000288FDA /* main.m */; };
		7D32F9A71FD8E89F00288FDA /* ZNDropDownList.m in Sources */ = {isa = PBXBuildFile; fileRef = 7D32F9A61FD8E89F00288FDA /* ZNDropDownList.m */; };
		7D32F9AA1FD8E93000288FDA /* RootViewController.m in Sources */ = {isa = PBXBuildFile; fileRef = 7D32F9A91FD8E93000288FDA /* RootViewController.m */; };
/* End PBXBuildFile section */

/* Begin PBXFileReference section */
		7D32F9881FD8E7F000288FDA /* ZNDropDownListDemo.app */ = {isa = PBXFileReference; explicitFileType = wrapper.application; includeInIndex = 0; path = ZNDropDownListDemo.app; sourceTree = BUILT_PRODUCTS_DIR; };
		7D32F98B1FD8E7F000288FDA /* AppDelegate.h */ = {isa = PBXFileReference; lastKnownFileType = sourcecode.c.h; path = AppDelegate.h; sourceTree = "<group>"; };
		7D32F98C1FD8E7F000288FDA /* AppDelegate.m */ = {isa = PBXFileReference; lastKnownFileType = sourcecode.c.objc; path = AppDelegate.m; sourceTree = "<group>"; };
		7D32F9941FD8E7F000288FDA /* Assets.xcassets */ = {isa = PBXFileReference; lastKnownFileType = folder.assetcatalog; path = Assets.xcassets; sourceTree = "<group>"; };
		7D32F9971FD8E7F000288FDA /* Base */ = {isa = PBXFileReference; lastKnownFileType = file.storyboard; name = Base; path = Base.lproj/LaunchScreen.storyboard; sourceTree = "<group>"; };
		7D32F9991FD8E7F000288FDA /* Info.plist */ = {isa = PBXFileReference; lastKnownFileType = text.plist.xml; path = Info.plist; sourceTree = "<group>"; };
		7D32F99A1FD8E7F000288FDA /* main.m */ = {isa = PBXFileReference; lastKnownFileType = sourcecode.c.objc; path = main.m; sourceTree = "<group>"; };
		7D32F9A51FD8E89F00288FDA /* ZNDropDownList.h */ = {isa = PBXFileReference; lastKnownFileType = sourcecode.c.h; path = ZNDropDownList.h; sourceTree = "<group>"; };
		7D32F9A61FD8E89F00288FDA /* ZNDropDownList.m */ = {isa = PBXFileReference; lastKnownFileType = sourcecode.c.objc; path = ZNDropDownList.m; sourceTree = "<group>"; };
		7D32F9A81FD8E93000288FDA /* RootViewController.h */ = {isa = PBXFileReference; lastKnownFileType = sourcecode.c.h; path = RootViewController.h; sourceTree = "<group>"; };
		7D32F9A91FD8E93000288FDA /* RootViewController.m */ = {isa = PBXFileReference; lastKnownFileType = sourcecode.c.objc; path = RootViewController.m; sourceTree = "<group>"; };
/* End PBXFileReference section */

/* Begin PBXFrameworksBuildPhase section */
		7D32F9851FD8E7F000288FDA /* Frameworks */ = {
			isa = PBXFrameworksBuildPhase;
			buildActionMask = 2147483647;
			files = (
			);
			runOnlyForDeploymentPostprocessing = 0;
		};
/* End PBXFrameworksBuildPhase section */

/* Begin PBXGroup section */
		7D32F97F1FD8E7F000288FDA = {
			isa = PBXGroup;
			children = (
				7D32F9A11FD8E86D00288FDA /* ZNDropDownList */,
				7D32F98A1FD8E7F000288FDA /* ZNDropDownListDemo */,
				7D32F9891FD8E7F000288FDA /* Products */,
			);
			sourceTree = "<group>";
		};
		7D32F9891FD8E7F000288FDA /* Products */ = {
			isa = PBXGroup;
			children = (
				7D32F9881FD8E7F000288FDA /* ZNDropDownListDemo.app */,
			);
			name = Products;
			sourceTree = "<group>";
		};
		7D32F98A1FD8E7F000288FDA /* ZNDropDownListDemo */ = {
			isa = PBXGroup;
			children = (
				7D32F98B1FD8E7F000288FDA /* AppDelegate.h */,
				7D32F98C1FD8E7F000288FDA /* AppDelegate.m */,
				7D32F9A81FD8E93000288FDA /* RootViewController.h */,
				7D32F9A91FD8E93000288FDA /* RootViewController.m */,
				7D32F9941FD8E7F000288FDA /* Assets.xcassets */,
				7D32F9961FD8E7F000288FDA /* LaunchScreen.storyboard */,
				7D32F9991FD8E7F000288FDA /* Info.plist */,
				7D32F99A1FD8E7F000288FDA /* main.m */,
			);
			path = ZNDropDownListDemo;
			sourceTree = "<group>";
		};
		7D32F9A11FD8E86D00288FDA /* ZNDropDownList */ = {
			isa = PBXGroup;
			children = (
				7D32F9A51FD8E89F00288FDA /* ZNDropDownList.h */,
				7D32F9A61FD8E89F00288FDA /* ZNDropDownList.m */,
			);
			name = ZNDropDownList;
			path = ../ZNDropDownList;
			sourceTree = "<group>";
		};
/* End PBXGroup section */

/* Begin PBXNativeTarget section */
		7D32F9871FD8E7F000288FDA /* ZNDropDownListDemo */ = {
			isa = PBXNativeTarget;
			buildConfigurationList = 7D32F99E1FD8E7F000288FDA /* Build configuration list for PBXNativeTarget "ZNDropDownListDemo" */;
			buildPhases = (
				7D32F9841FD8E7F000288FDA /* Sources */,
				7D32F9851FD8E7F000288FDA /* Frameworks */,
				7D32F9861FD8E7F000288FDA /* Resources */,
			);
			buildRules = (
			);
			dependencies = (
			);
			name = ZNDropDownListDemo;
			productName = ZNDropDownListDemo;
			productReference = 7D32F9881FD8E7F000288FDA /* ZNDropDownListDemo.app */;
			productType = "com.apple.product-type.application";
		};
/* End PBXNativeTarget section */

/* Begin PBXProject section */
		7D32F9801FD8E7F000288FDA /* Project object */ = {
			isa = PBXProject;
			attributes = {
				LastUpgradeCheck = 0920;
				ORGANIZATIONNAME = Sniper;
				TargetAttributes = {
					7D32F9871FD8E7F000288FDA = {
						CreatedOnToolsVersion = 9.2;
						ProvisioningStyle = Automatic;
					};
				};
			};
			buildConfigurationList = 7D32F9831FD8E7F000288FDA /* Build configuration list for PBXProject "ZNDropDownListDemo" */;
			compatibilityVersion = "Xcode 8.0";
			developmentRegion = en;
			hasScannedForEncodings = 0;
			knownRegions = (
				en,
				Base,
			);
			mainGroup = 7D32F97F1FD8E7F000288FDA;
			productRefGroup = 7D32F9891FD8E7F000288FDA /* Products */;
			projectDirPath = "";
			projectRoot = "";
			targets = (
				7D32F9871FD8E7F000288FDA /* ZNDropDownListDemo */,
			);
		};
/* End PBXProject section */

/* Begin PBXResourcesBuildPhase section */
		7D32F9861FD8E7F000288FDA /* Resources */ = {
			isa = PBXResourcesBuildPhase;
			buildActionMask = 2147483647;
			files = (
				7D32F9981FD8E7F000288FDA /* LaunchScreen.storyboard in Resources */,
				7D32F9951FD8E7F000288FDA /* Assets.xcassets in Resources */,
			);
			runOnlyForDeploymentPostprocessing = 0;
		};
/* End PBXResourcesBuildPhase section */

/* Begin PBXSourcesBuildPhase section */
		7D32F9841FD8E7F000288FDA /* Sources */ = {
			isa = PBXSourcesBuildPhase;
			buildActionMask = 2147483647;
			files = (
				7D32F99B1FD8E7F000288FDA /* main.m in Sources */,
				7D32F98D1FD8E7F000288FDA /* AppDelegate.m in Sources */,
				7D32F9AA1FD8E93000288FDA /* RootViewController.m in Sources */,
				7D32F9A71FD8E89F00288FDA /* ZNDropDownList.m in Sources */,
			);
			runOnlyForDeploymentPostprocessing = 0;
		};
/* End PBXSourcesBuildPhase section */

/* Begin PBXVariantGroup section */
		7D32F9961FD8E7F000288FDA /* LaunchScreen.storyboard */ = {
			isa = PBXVariantGroup;
			children = (
				7D32F9971FD8E7F000288FDA /* Base */,
			);
			name = LaunchScreen.storyboard;
			sourceTree = "<group>";
		};
/* End PBXVariantGroup section */

/* Begin XCBuildConfiguration section */
		7D32F99C1FD8E7F000288FDA /* Debug */ = {
			isa = XCBuildConfiguration;
			buildSettings = {
				ALWAYS_SEARCH_USER_PATHS = NO;
				CLANG_ANALYZER_NONNULL = YES;
				CLANG_ANALYZER_NUMBER_OBJECT_CONVERSION = YES_AGGRESSIVE;
				CLANG_CXX_LANGUAGE_STANDARD = "gnu++14";
				CLANG_CXX_LIBRARY = "libc++";
				CLANG_ENABLE_MODULES = YES;
				CLANG_ENABLE_OBJC_ARC = YES;
				CLANG_WARN_BLOCK_CAPTURE_AUTORELEASING = YES;
				CLANG_WARN_BOOL_CONVERSION = YES;
				CLANG_WARN_COMMA = YES;
				CLANG_WARN_CONSTANT_CONVERSION = YES;
				CLANG_WARN_DIRECT_OBJC_ISA_USAGE = YES_ERROR;
				CLANG_WARN_DOCUMENTATION_COMMENTS = YES;
				CLANG_WARN_EMPTY_BODY = YES;
				CLANG_WARN_ENUM_CONVERSION = YES;
				CLANG_WARN_INFINITE_RECURSION = YES;
				CLANG_WARN_INT_CONVERSION = YES;
				CLANG_WARN_NON_LITERAL_NULL_CONVERSION = YES;
				CLANG_WARN_OBJC_LITERAL_CONVERSION = YES;
				CLANG_WARN_OBJC_ROOT_CLASS = YES_ERROR;
				CLANG_WARN_RANGE_LOOP_ANALYSIS = YES;
				CLANG_WARN_STRICT_PROTOTYPES = YES;
				CLANG_WARN_SUSPICIOUS_MOVE = YES;
				CLANG_WARN_UNGUARDED_AVAILABILITY = YES_AGGRESSIVE;
				CLANG_WARN_UNREACHABLE_CODE = YES;
				CLANG_WARN__DUPLICATE_METHOD_MATCH = YES;
				CODE_SIGN_IDENTITY = "iPhone Developer";
				COPY_PHASE_STRIP = NO;
				DEBUG_INFORMATION_FORMAT = dwarf;
				ENABLE_STRICT_OBJC_MSGSEND = YES;
				ENABLE_TESTABILITY = YES;
				GCC_C_LANGUAGE_STANDARD = gnu11;
				GCC_DYNAMIC_NO_PIC = NO;
				GCC_NO_COMMON_BLOCKS = YES;
				GCC_OPTIMIZATION_LEVEL = 0;
				GCC_PREPROCESSOR_DEFINITIONS = (
					"DEBUG=1",
					"$(inherited)",
				);
				GCC_WARN_64_TO_32_BIT_CONVERSION = YES;
				GCC_WARN_ABOUT_RETURN_TYPE = YES_ERROR;
				GCC_WARN_UNDECLARED_SELECTOR = YES;
				GCC_WARN_UNINITIALIZED_AUTOS = YES_AGGRESSIVE;
				GCC_WARN_UNUSED_FUNCTION = YES;
				GCC_WARN_UNUSED_VARIABLE = YES;
				IPHONEOS_DEPLOYMENT_TARGET = 9.0;
				MTL_ENABLE_DEBUG_INFO = YES;
				ONLY_ACTIVE_ARCH = YES;
				SDKROOT = iphoneos;
			};
			name = Debug;
		};
		7D32F99D1FD8E7F000288FDA /* Release */ = {
			isa = XCBuildConfiguration;
			buildSettings = {
				ALWAYS_SEARCH_USER_PATHS = NO;
				CLANG_ANALYZER_NONNULL = YES;
				CLANG_ANALYZER_NUMBER_OBJECT_CONVERSION = YES_AGGRESSIVE;
				CLANG_CXX_LANGUAGE_STANDARD = "gnu++14";
				CLANG_CXX_LIBRARY = "libc++";
				CLANG_ENABLE_MODULES = YES;
				CLANG_ENABLE_OBJC_ARC = YES;
				CLANG_WARN_BLOCK_CAPTURE_AUTORELEASING = YES;
				CLANG_WARN_BOOL_CONVERSION = YES;
				CLANG_WARN_COMMA = YES;
				CLANG_WARN_CONSTANT_CONVERSION = YES;
				CLANG_WARN_DIRECT_OBJC_ISA_USAGE = YES_ERROR;
				CLANG_WARN_DOCUMENTATION_COMMENTS = YES;
				CLANG_WARN_EMPTY_BODY = YES;
				CLANG_WARN_ENUM_CONVERSION = YES;
				CLANG_WARN_INFINITE_RECURSION = YES;
				CLANG_WARN_INT_CONVERSION = YES;
				CLANG_WARN_NON_LITERAL_NULL_CONVERSION = YES;
				CLANG_WARN_OBJC_LITERAL_CONVERSION = YES;
				CLANG_WARN_OBJC_ROOT_CLASS = YES_ERROR;
				CLANG_WARN_RANGE_LOOP_ANALYSIS = YES;
				CLANG_WARN_STRICT_PROTOTYPES = YES;
				CLANG_WARN_SUSPICIOUS_MOVE = YES;
				CLANG_WARN_UNGUARDED_AVAILABILITY = YES_AGGRESSIVE;
				CLANG_WARN_UNREACHABLE_CODE = YES;
				CLANG_WARN__DUPLICATE_METHOD_MATCH = YES;
				CODE_SIGN_IDENTITY = "iPhone Developer";
				COPY_PHASE_STRIP = NO;
				DEBUG_INFORMATION_FORMAT = "dwarf-with-dsym";
				ENABLE_NS_ASSERTIONS = NO;
				ENABLE_STRICT_OBJC_MSGSEND = YES;
				GCC_C_LANGUAGE_STANDARD = gnu11;
				GCC_NO_COMMON_BLOCKS = YES;
				GCC_WARN_64_TO_32_BIT_CONVERSION = YES;
				GCC_WARN_ABOUT_RETURN_TYPE = YES_ERROR;
				GCC_WARN_UNDECLARED_SELECTOR = YES;
				GCC_WARN_UNINITIALIZED_AUTOS = YES_AGGRESSIVE;
				GCC_WARN_UNUSED_FUNCTION = YES;
				GCC_WARN_UNUSED_VARIABLE = YES;
				IPHONEOS_DEPLOYMENT_TARGET = 9.0;
				MTL_ENABLE_DEBUG_INFO = NO;
				SDKROOT = iphoneos;
				VALIDATE_PRODUCT = YES;
			};
			name = Release;
		};
		7D32F99F1FD8E7F000288FDA /* Debug */ = {
			isa = XCBuildConfiguration;
			buildSettings = {
				ASSETCATALOG_COMPILER_APPICON_NAME = AppIcon;
				CODE_SIGN_STYLE = Automatic;
				INFOPLIST_FILE = ZNDropDownListDemo/Info.plist;
				IPHONEOS_DEPLOYMENT_TARGET = 9.0;
				LD_RUNPATH_SEARCH_PATHS = "$(inherited) @executable_path/Frameworks";
				PRODUCT_BUNDLE_IDENTIFIER = com.enjoy.ZNDropDownListDemo;
				PRODUCT_NAME = "$(TARGET_NAME)";
				TARGETED_DEVICE_FAMILY = "1,2";
			};
			name = Debug;
		};
		7D32F9A01FD8E7F000288FDA /* Release */ = {
			isa = XCBuildConfiguration;
			buildSettings = {
				ASSETCATALOG_COMPILER_APPICON_NAME = AppIcon;
				CODE_SIGN_STYLE = Automatic;
				INFOPLIST_FILE = ZNDropDownListDemo/Info.plist;
				IPHONEOS_DEPLOYMENT_TARGET = 9.0;
				LD_RUNPATH_SEARCH_PATHS = "$(inherited) @executable_path/Frameworks";
				PRODUCT_BUNDLE_IDENTIFIER = com.enjoy.ZNDropDownListDemo;
				PRODUCT_NAME = "$(TARGET_NAME)";
				TARGETED_DEVICE_FAMILY = "1,2";
			};
			name = Release;
		};
/* End XCBuildConfiguration section */

/* Begin XCConfigurationList section */
		7D32F9831FD8E7F000288FDA /* Build configuration list for PBXProject "ZNDropDownListDemo" */ = {
			isa = XCConfigurationList;
			buildConfigurations = (
				7D32F99C1FD8E7F000288FDA /* Debug */,
				7D32F99D1FD8E7F000288FDA /* Release */,
			);
			defaultConfigurationIsVisible = 0;
			defaultConfigurationName = Release;
		};
		7D32F99E1FD8E7F000288FDA /* Build configuration list for PBXNativeTarget "ZNDropDownListDemo" */ = {
			isa = XCConfigurationList;
			buildConfigurations = (
				7D32F99F1FD8E7F000288FDA /* Debug */,
				7D32F9A01FD8E7F000288FDA /* Release */,
			);
			defaultConfigurationIsVisible = 0;
			defaultConfigurationName = Release;
		};
/* End XCConfigurationList section */
	};
	rootObject = 7D32F9801FD8E7F000288FDA /* Project object */;
}
